// !$*UTF8*$!
{
	archiveVersion = 1;
	classes = {
	};
	objectVersion = 51;
	objects = {

/* Begin PBXBuildFile section */
		1D7A43DD58032973FB7580A2 /* Pods_ZotMeal.framework in Frameworks */ = {isa = PBXBuildFile; fileRef = BB383C3091AEF14C2EAF65D4 /* Pods_ZotMeal.framework */; };
		F470E57F25C507BA0053A578 /* AppDelegate.swift in Sources */ = {isa = PBXBuildFile; fileRef = F470E57E25C507BA0053A578 /* AppDelegate.swift */; };
		F470E58125C507BA0053A578 /* SceneDelegate.swift in Sources */ = {isa = PBXBuildFile; fileRef = F470E58025C507BA0053A578 /* SceneDelegate.swift */; };
		F470E58325C507BA0053A578 /* BrandyVC.swift in Sources */ = {isa = PBXBuildFile; fileRef = F470E58225C507BA0053A578 /* BrandyVC.swift */; };
		F470E58625C507BA0053A578 /* Main.storyboard in Resources */ = {isa = PBXBuildFile; fileRef = F470E58425C507BA0053A578 /* Main.storyboard */; };
		F470E58825C507BB0053A578 /* Assets.xcassets in Resources */ = {isa = PBXBuildFile; fileRef = F470E58725C507BB0053A578 /* Assets.xcassets */; };
		F470E58B25C507BB0053A578 /* LaunchScreen.storyboard in Resources */ = {isa = PBXBuildFile; fileRef = F470E58925C507BB0053A578 /* LaunchScreen.storyboard */; };
		F495605D25C5543400330FC4 /* JsonModel.swift in Sources */ = {isa = PBXBuildFile; fileRef = F495605C25C5543400330FC4 /* JsonModel.swift */; };
		F495606025C554DB00330FC4 /* CategoryStruct.swift in Sources */ = {isa = PBXBuildFile; fileRef = F495605F25C554DA00330FC4 /* CategoryStruct.swift */; };
		F4CD776225C5271600788BED /* AntVC.swift in Sources */ = {isa = PBXBuildFile; fileRef = F4CD776125C5271600788BED /* AntVC.swift */; };
		F4CD776725C5286A00788BED /* Brandy.json in Resources */ = {isa = PBXBuildFile; fileRef = F4CD776625C5286A00788BED /* Brandy.json */; };
		F4CD776A25C5289500788BED /* FoodStruct.swift in Sources */ = {isa = PBXBuildFile; fileRef = F4CD776925C5289500788BED /* FoodStruct.swift */; };
		F4CD777125C52C2000788BED /* FoodCell.swift in Sources */ = {isa = PBXBuildFile; fileRef = F4CD777025C52C2000788BED /* FoodCell.swift */; };
		F4D53C0625C5873D0039F198 /* ResponseData.swift in Sources */ = {isa = PBXBuildFile; fileRef = F4D53C0525C5873D0039F198 /* ResponseData.swift */; };
		F4D7208925C63410003C11B4 /* WebVC.swift in Sources */ = {isa = PBXBuildFile; fileRef = F4D7208825C63410003C11B4 /* WebVC.swift */; };
		F4D7208D25C635B9003C11B4 /* Constants.swift in Sources */ = {isa = PBXBuildFile; fileRef = F4D7208C25C635B9003C11B4 /* Constants.swift */; };
		F4D720A025C66093003C11B4 /* 4762-food-carousel.json in Resources */ = {isa = PBXBuildFile; fileRef = F4D7209F25C66093003C11B4 /* 4762-food-carousel.json */; };
		F4F8D50125C627020041F045 /* Ant.json in Resources */ = {isa = PBXBuildFile; fileRef = F4F8D50025C627020041F045 /* Ant.json */; };
/* End PBXBuildFile section */

/* Begin PBXFileReference section */
		0D312C5CF977982D0582384D /* Pods-ZotMeal.debug.xcconfig */ = {isa = PBXFileReference; includeInIndex = 1; lastKnownFileType = text.xcconfig; name = "Pods-ZotMeal.debug.xcconfig"; path = "Target Support Files/Pods-ZotMeal/Pods-ZotMeal.debug.xcconfig"; sourceTree = "<group>"; };
		84E81EF753042E490F83DB10 /* Pods-ZotMeal.release.xcconfig */ = {isa = PBXFileReference; includeInIndex = 1; lastKnownFileType = text.xcconfig; name = "Pods-ZotMeal.release.xcconfig"; path = "Target Support Files/Pods-ZotMeal/Pods-ZotMeal.release.xcconfig"; sourceTree = "<group>"; };
		BB383C3091AEF14C2EAF65D4 /* Pods_ZotMeal.framework */ = {isa = PBXFileReference; explicitFileType = wrapper.framework; includeInIndex = 0; path = Pods_ZotMeal.framework; sourceTree = BUILT_PRODUCTS_DIR; };
		F470E57B25C507BA0053A578 /* ZotMeal.app */ = {isa = PBXFileReference; explicitFileType = wrapper.application; includeInIndex = 0; path = ZotMeal.app; sourceTree = BUILT_PRODUCTS_DIR; };
		F470E57E25C507BA0053A578 /* AppDelegate.swift */ = {isa = PBXFileReference; lastKnownFileType = sourcecode.swift; path = AppDelegate.swift; sourceTree = "<group>"; };
		F470E58025C507BA0053A578 /* SceneDelegate.swift */ = {isa = PBXFileReference; lastKnownFileType = sourcecode.swift; path = SceneDelegate.swift; sourceTree = "<group>"; };
		F470E58225C507BA0053A578 /* BrandyVC.swift */ = {isa = PBXFileReference; lastKnownFileType = sourcecode.swift; path = BrandyVC.swift; sourceTree = "<group>"; };
		F470E58525C507BA0053A578 /* Base */ = {isa = PBXFileReference; lastKnownFileType = file.storyboard; name = Base; path = Base.lproj/Main.storyboard; sourceTree = "<group>"; };
		F470E58725C507BB0053A578 /* Assets.xcassets */ = {isa = PBXFileReference; lastKnownFileType = folder.assetcatalog; path = Assets.xcassets; sourceTree = "<group>"; };
		F470E58A25C507BB0053A578 /* Base */ = {isa = PBXFileReference; lastKnownFileType = file.storyboard; name = Base; path = Base.lproj/LaunchScreen.storyboard; sourceTree = "<group>"; };
		F470E58C25C507BB0053A578 /* Info.plist */ = {isa = PBXFileReference; lastKnownFileType = text.plist.xml; path = Info.plist; sourceTree = "<group>"; };
		F495605C25C5543400330FC4 /* JsonModel.swift */ = {isa = PBXFileReference; lastKnownFileType = sourcecode.swift; path = JsonModel.swift; sourceTree = "<group>"; };
		F495605F25C554DA00330FC4 /* CategoryStruct.swift */ = {isa = PBXFileReference; lastKnownFileType = sourcecode.swift; path = CategoryStruct.swift; sourceTree = "<group>"; };
		F4CD776125C5271600788BED /* AntVC.swift */ = {isa = PBXFileReference; lastKnownFileType = sourcecode.swift; path = AntVC.swift; sourceTree = "<group>"; };
		F4CD776625C5286A00788BED /* Brandy.json */ = {isa = PBXFileReference; fileEncoding = 4; lastKnownFileType = text.json; path = Brandy.json; sourceTree = "<group>"; };
		F4CD776925C5289500788BED /* FoodStruct.swift */ = {isa = PBXFileReference; lastKnownFileType = sourcecode.swift; path = FoodStruct.swift; sourceTree = "<group>"; };
		F4CD777025C52C2000788BED /* FoodCell.swift */ = {isa = PBXFileReference; lastKnownFileType = sourcecode.swift; path = FoodCell.swift; sourceTree = "<group>"; };
		F4D53C0525C5873D0039F198 /* ResponseData.swift */ = {isa = PBXFileReference; lastKnownFileType = sourcecode.swift; path = ResponseData.swift; sourceTree = "<group>"; };
		F4D7208825C63410003C11B4 /* WebVC.swift */ = {isa = PBXFileReference; lastKnownFileType = sourcecode.swift; path = WebVC.swift; sourceTree = "<group>"; };
		F4D7208C25C635B9003C11B4 /* Constants.swift */ = {isa = PBXFileReference; lastKnownFileType = sourcecode.swift; path = Constants.swift; sourceTree = "<group>"; };
		F4D7209F25C66093003C11B4 /* 4762-food-carousel.json */ = {isa = PBXFileReference; fileEncoding = 4; lastKnownFileType = text.json; path = "4762-food-carousel.json"; sourceTree = "<group>"; };
		F4F8D50025C627020041F045 /* Ant.json */ = {isa = PBXFileReference; lastKnownFileType = text.json; path = Ant.json; sourceTree = "<group>"; };
/* End PBXFileReference section */

/* Begin PBXFrameworksBuildPhase section */
		F470E57825C507BA0053A578 /* Frameworks */ = {
			isa = PBXFrameworksBuildPhase;
			buildActionMask = 2147483647;
			files = (
				1D7A43DD58032973FB7580A2 /* Pods_ZotMeal.framework in Frameworks */,
			);
			runOnlyForDeploymentPostprocessing = 0;
		};
/* End PBXFrameworksBuildPhase section */

/* Begin PBXGroup section */
		0DA3ABC03C4CB532181DC901 /* Frameworks */ = {
			isa = PBXGroup;
			children = (
				BB383C3091AEF14C2EAF65D4 /* Pods_ZotMeal.framework */,
			);
			name = Frameworks;
			sourceTree = "<group>";
		};
		0E8183E2E40C1BEF301B16B9 /* Pods */ = {
			isa = PBXGroup;
			children = (
				0D312C5CF977982D0582384D /* Pods-ZotMeal.debug.xcconfig */,
				84E81EF753042E490F83DB10 /* Pods-ZotMeal.release.xcconfig */,
			);
			path = Pods;
			sourceTree = "<group>";
		};
		F46FBD9225C50A8C004ACAA7 /* Views */ = {
			isa = PBXGroup;
			children = (
				F470E58425C507BA0053A578 /* Main.storyboard */,
				F470E58925C507BB0053A578 /* LaunchScreen.storyboard */,
			);
			path = Views;
			sourceTree = "<group>";
		};
		F46FBD9325C50AA3004ACAA7 /* ViewControllers */ = {
			isa = PBXGroup;
			children = (
				F470E58225C507BA0053A578 /* BrandyVC.swift */,
				F4CD776125C5271600788BED /* AntVC.swift */,
				F4D7208825C63410003C11B4 /* WebVC.swift */,
			);
			path = ViewControllers;
			sourceTree = "<group>";
		};
		F46FBD9525C50AB2004ACAA7 /* Cells */ = {
			isa = PBXGroup;
			children = (
				F4CD777025C52C2000788BED /* FoodCell.swift */,
			);
			path = Cells;
			sourceTree = "<group>";
		};
		F46FBD9625C50AB9004ACAA7 /* Models */ = {
			isa = PBXGroup;
			children = (
				F495605C25C5543400330FC4 /* JsonModel.swift */,
				F4D53C0525C5873D0039F198 /* ResponseData.swift */,
				F495605F25C554DA00330FC4 /* CategoryStruct.swift */,
				F4CD776925C5289500788BED /* FoodStruct.swift */,
			);
			path = Models;
			sourceTree = "<group>";
		};
		F46FBD9725C50AEE004ACAA7 /* Extras */ = {
			isa = PBXGroup;
			children = (
				F4CD776625C5286A00788BED /* Brandy.json */,
				F4D7209F25C66093003C11B4 /* 4762-food-carousel.json */,
				F4F8D50025C627020041F045 /* Ant.json */,
				F4D7208C25C635B9003C11B4 /* Constants.swift */,
			);
			path = Extras;
			sourceTree = "<group>";
		};
		F470E57225C507B90053A578 = {
			isa = PBXGroup;
			children = (
				F470E57D25C507BA0053A578 /* ZotMeal */,
				F470E57C25C507BA0053A578 /* Products */,
				0E8183E2E40C1BEF301B16B9 /* Pods */,
				0DA3ABC03C4CB532181DC901 /* Frameworks */,
			);
			sourceTree = "<group>";
		};
		F470E57C25C507BA0053A578 /* Products */ = {
			isa = PBXGroup;
			children = (
				F470E57B25C507BA0053A578 /* ZotMeal.app */,
			);
			name = Products;
			sourceTree = "<group>";
		};
		F470E57D25C507BA0053A578 /* ZotMeal */ = {
			isa = PBXGroup;
			children = (
				F470E57E25C507BA0053A578 /* AppDelegate.swift */,
				F470E58025C507BA0053A578 /* SceneDelegate.swift */,
				F46FBD9325C50AA3004ACAA7 /* ViewControllers */,
				F46FBD9525C50AB2004ACAA7 /* Cells */,
				F46FBD9625C50AB9004ACAA7 /* Models */,
				F46FBD9225C50A8C004ACAA7 /* Views */,
				F46FBD9725C50AEE004ACAA7 /* Extras */,
				F470E58725C507BB0053A578 /* Assets.xcassets */,
				F470E58C25C507BB0053A578 /* Info.plist */,
			);
			path = ZotMeal;
			sourceTree = "<group>";
		};
/* End PBXGroup section */

/* Begin PBXNativeTarget section */
		F470E57A25C507BA0053A578 /* ZotMeal */ = {
			isa = PBXNativeTarget;
			buildConfigurationList = F470E58F25C507BB0053A578 /* Build configuration list for PBXNativeTarget "ZotMeal" */;
			buildPhases = (
				48AD9E81746B9C648F9AC1B0 /* [CP] Check Pods Manifest.lock */,
				F470E57725C507BA0053A578 /* Sources */,
				F470E57825C507BA0053A578 /* Frameworks */,
				F470E57925C507BA0053A578 /* Resources */,
				F470E59425C507CE0053A578 /* ShellScript */,
				0541749FF82C61504B441DED /* [CP] Embed Pods Frameworks */,
			);
			buildRules = (
			);
			dependencies = (
			);
			name = ZotMeal;
			productName = ZotMeal;
			productReference = F470E57B25C507BA0053A578 /* ZotMeal.app */;
			productType = "com.apple.product-type.application";
		};
/* End PBXNativeTarget section */

/* Begin PBXProject section */
		F470E57325C507B90053A578 /* Project object */ = {
			isa = PBXProject;
			attributes = {
				LastSwiftUpdateCheck = 1240;
				LastUpgradeCheck = 1240;
				TargetAttributes = {
					F470E57A25C507BA0053A578 = {
						CreatedOnToolsVersion = 12.4;
					};
				};
			};
			buildConfigurationList = F470E57625C507B90053A578 /* Build configuration list for PBXProject "ZotMeal" */;
			compatibilityVersion = "Xcode 9.3";
			developmentRegion = en;
			hasScannedForEncodings = 0;
			knownRegions = (
				en,
				Base,
			);
			mainGroup = F470E57225C507B90053A578;
			productRefGroup = F470E57C25C507BA0053A578 /* Products */;
			projectDirPath = "";
			projectRoot = "";
			targets = (
				F470E57A25C507BA0053A578 /* ZotMeal */,
			);
		};
/* End PBXProject section */

/* Begin PBXResourcesBuildPhase section */
		F470E57925C507BA0053A578 /* Resources */ = {
			isa = PBXResourcesBuildPhase;
			buildActionMask = 2147483647;
			files = (
				F470E58B25C507BB0053A578 /* LaunchScreen.storyboard in Resources */,
				F470E58825C507BB0053A578 /* Assets.xcassets in Resources */,
				F470E58625C507BA0053A578 /* Main.storyboard in Resources */,
				F4CD776725C5286A00788BED /* Brandy.json in Resources */,
				F4D720A025C66093003C11B4 /* 4762-food-carousel.json in Resources */,
				F4F8D50125C627020041F045 /* Ant.json in Resources */,
			);
			runOnlyForDeploymentPostprocessing = 0;
		};
/* End PBXResourcesBuildPhase section */

/* Begin PBXShellScriptBuildPhase section */
		0541749FF82C61504B441DED /* [CP] Embed Pods Frameworks */ = {
			isa = PBXShellScriptBuildPhase;
			buildActionMask = 2147483647;
			files = (
			);
			inputFileListPaths = (
				"${PODS_ROOT}/Target Support Files/Pods-ZotMeal/Pods-ZotMeal-frameworks-${CONFIGURATION}-input-files.xcfilelist",
			);
			name = "[CP] Embed Pods Frameworks";
			outputFileListPaths = (
				"${PODS_ROOT}/Target Support Files/Pods-ZotMeal/Pods-ZotMeal-frameworks-${CONFIGURATION}-output-files.xcfilelist",
			);
			runOnlyForDeploymentPostprocessing = 0;
			shellPath = /bin/sh;
			shellScript = "\"${PODS_ROOT}/Target Support Files/Pods-ZotMeal/Pods-ZotMeal-frameworks.sh\"\n";
			showEnvVarsInLog = 0;
		};
		48AD9E81746B9C648F9AC1B0 /* [CP] Check Pods Manifest.lock */ = {
			isa = PBXShellScriptBuildPhase;
			buildActionMask = 2147483647;
			files = (
			);
			inputFileListPaths = (
			);
			inputPaths = (
				"${PODS_PODFILE_DIR_PATH}/Podfile.lock",
				"${PODS_ROOT}/Manifest.lock",
			);
			name = "[CP] Check Pods Manifest.lock";
			outputFileListPaths = (
			);
			outputPaths = (
				"$(DERIVED_FILE_DIR)/Pods-ZotMeal-checkManifestLockResult.txt",
			);
			runOnlyForDeploymentPostprocessing = 0;
			shellPath = /bin/sh;
			shellScript = "diff \"${PODS_PODFILE_DIR_PATH}/Podfile.lock\" \"${PODS_ROOT}/Manifest.lock\" > /dev/null\nif [ $? != 0 ] ; then\n    # print error to STDERR\n    echo \"error: The sandbox is not in sync with the Podfile.lock. Run 'pod install' or update your CocoaPods installation.\" >&2\n    exit 1\nfi\n# This output is used by Xcode 'outputs' to avoid re-running this script phase.\necho \"SUCCESS\" > \"${SCRIPT_OUTPUT_FILE_0}\"\n";
			showEnvVarsInLog = 0;
		};
		F470E59425C507CE0053A578 /* ShellScript */ = {
			isa = PBXShellScriptBuildPhase;
			buildActionMask = 2147483647;
			files = (
			);
			inputFileListPaths = (
			);
			inputPaths = (
			);
			outputFileListPaths = (
			);
			outputPaths = (
			);
			runOnlyForDeploymentPostprocessing = 0;
			shellPath = /bin/sh;
			shellScript = "# Type a script or drag a script file from your workspace to insert its path.\nbuildNumber=$(/usr/libexec/PlistBuddy -c \"Print CFBundleVersion\" \"${PROJECT_DIR}/${INFOPLIST_FILE}\")\nbuildNumber=$(($buildNumber + 1))\n/usr/libexec/PlistBuddy -c \"Set :CFBundleVersion $buildNumber\" \"${PROJECT_DIR}/${INFOPLIST_FILE}\"\n";
		};
/* End PBXShellScriptBuildPhase section */

/* Begin PBXSourcesBuildPhase section */
		F470E57725C507BA0053A578 /* Sources */ = {
			isa = PBXSourcesBuildPhase;
			buildActionMask = 2147483647;
			files = (
				F470E58325C507BA0053A578 /* BrandyVC.swift in Sources */,
				F4D7208D25C635B9003C11B4 /* Constants.swift in Sources */,
				F4CD777125C52C2000788BED /* FoodCell.swift in Sources */,
				F495605D25C5543400330FC4 /* JsonModel.swift in Sources */,
				F470E57F25C507BA0053A578 /* AppDelegate.swift in Sources */,
				F4D53C0625C5873D0039F198 /* ResponseData.swift in Sources */,
				F470E58125C507BA0053A578 /* SceneDelegate.swift in Sources */,
				F4CD776225C5271600788BED /* AntVC.swift in Sources */,
				F4D7208925C63410003C11B4 /* WebVC.swift in Sources */,
				F4CD776A25C5289500788BED /* FoodStruct.swift in Sources */,
				F495606025C554DB00330FC4 /* CategoryStruct.swift in Sources */,
			);
			runOnlyForDeploymentPostprocessing = 0;
		};
/* End PBXSourcesBuildPhase section */

/* Begin PBXVariantGroup section */
		F470E58425C507BA0053A578 /* Main.storyboard */ = {
			isa = PBXVariantGroup;
			children = (
				F470E58525C507BA0053A578 /* Base */,
			);
			name = Main.storyboard;
			sourceTree = "<group>";
		};
		F470E58925C507BB0053A578 /* LaunchScreen.storyboard */ = {
			isa = PBXVariantGroup;
			children = (
				F470E58A25C507BB0053A578 /* Base */,
			);
			name = LaunchScreen.storyboard;
			sourceTree = "<group>";
		};
/* End PBXVariantGroup section */

/* Begin XCBuildConfiguration section */
		F470E58D25C507BB0053A578 /* Debug */ = {
			isa = XCBuildConfiguration;
			buildSettings = {
				ALWAYS_SEARCH_USER_PATHS = NO;
				CLANG_ANALYZER_NONNULL = YES;
				CLANG_ANALYZER_NUMBER_OBJECT_CONVERSION = YES_AGGRESSIVE;
				CLANG_CXX_LANGUAGE_STANDARD = "gnu++14";
				CLANG_CXX_LIBRARY = "libc++";
				CLANG_ENABLE_MODULES = YES;
				CLANG_ENABLE_OBJC_ARC = YES;
				CLANG_ENABLE_OBJC_WEAK = YES;
				CLANG_WARN_BLOCK_CAPTURE_AUTORELEASING = YES;
				CLANG_WARN_BOOL_CONVERSION = YES;
				CLANG_WARN_COMMA = YES;
				CLANG_WARN_CONSTANT_CONVERSION = YES;
				CLANG_WARN_DEPRECATED_OBJC_IMPLEMENTATIONS = YES;
				CLANG_WARN_DIRECT_OBJC_ISA_USAGE = YES_ERROR;
				CLANG_WARN_DOCUMENTATION_COMMENTS = YES;
				CLANG_WARN_EMPTY_BODY = YES;
				CLANG_WARN_ENUM_CONVERSION = YES;
				CLANG_WARN_INFINITE_RECURSION = YES;
				CLANG_WARN_INT_CONVERSION = YES;
				CLANG_WARN_NON_LITERAL_NULL_CONVERSION = YES;
				CLANG_WARN_OBJC_IMPLICIT_RETAIN_SELF = YES;
				CLANG_WARN_OBJC_LITERAL_CONVERSION = YES;
				CLANG_WARN_OBJC_ROOT_CLASS = YES_ERROR;
				CLANG_WARN_QUOTED_INCLUDE_IN_FRAMEWORK_HEADER = YES;
				CLANG_WARN_RANGE_LOOP_ANALYSIS = YES;
				CLANG_WARN_STRICT_PROTOTYPES = YES;
				CLANG_WARN_SUSPICIOUS_MOVE = YES;
				CLANG_WARN_UNGUARDED_AVAILABILITY = YES_AGGRESSIVE;
				CLANG_WARN_UNREACHABLE_CODE = YES;
				CLANG_WARN__DUPLICATE_METHOD_MATCH = YES;
				COPY_PHASE_STRIP = NO;
				DEBUG_INFORMATION_FORMAT = dwarf;
				ENABLE_STRICT_OBJC_MSGSEND = YES;
				ENABLE_TESTABILITY = YES;
				GCC_C_LANGUAGE_STANDARD = gnu11;
				GCC_DYNAMIC_NO_PIC = NO;
				GCC_NO_COMMON_BLOCKS = YES;
				GCC_OPTIMIZATION_LEVEL = 0;
				GCC_PREPROCESSOR_DEFINITIONS = (
					"DEBUG=1",
					"$(inherited)",
				);
				GCC_WARN_64_TO_32_BIT_CONVERSION = YES;
				GCC_WARN_ABOUT_RETURN_TYPE = YES_ERROR;
				GCC_WARN_UNDECLARED_SELECTOR = YES;
				GCC_WARN_UNINITIALIZED_AUTOS = YES_AGGRESSIVE;
				GCC_WARN_UNUSED_FUNCTION = YES;
				GCC_WARN_UNUSED_VARIABLE = YES;
				IPHONEOS_DEPLOYMENT_TARGET = 14.4;
				MTL_ENABLE_DEBUG_INFO = INCLUDE_SOURCE;
				MTL_FAST_MATH = YES;
				ONLY_ACTIVE_ARCH = YES;
				SDKROOT = iphoneos;
				SWIFT_ACTIVE_COMPILATION_CONDITIONS = DEBUG;
				SWIFT_OPTIMIZATION_LEVEL = "-Onone";
			};
			name = Debug;
		};
		F470E58E25C507BB0053A578 /* Release */ = {
			isa = XCBuildConfiguration;
			buildSettings = {
				ALWAYS_SEARCH_USER_PATHS = NO;
				CLANG_ANALYZER_NONNULL = YES;
				CLANG_ANALYZER_NUMBER_OBJECT_CONVERSION = YES_AGGRESSIVE;
				CLANG_CXX_LANGUAGE_STANDARD = "gnu++14";
				CLANG_CXX_LIBRARY = "libc++";
				CLANG_ENABLE_MODULES = YES;
				CLANG_ENABLE_OBJC_ARC = YES;
				CLANG_ENABLE_OBJC_WEAK = YES;
				CLANG_WARN_BLOCK_CAPTURE_AUTORELEASING = YES;
				CLANG_WARN_BOOL_CONVERSION = YES;
				CLANG_WARN_COMMA = YES;
				CLANG_WARN_CONSTANT_CONVERSION = YES;
				CLANG_WARN_DEPRECATED_OBJC_IMPLEMENTATIONS = YES;
				CLANG_WARN_DIRECT_OBJC_ISA_USAGE = YES_ERROR;
				CLANG_WARN_DOCUMENTATION_COMMENTS = YES;
				CLANG_WARN_EMPTY_BODY = YES;
				CLANG_WARN_ENUM_CONVERSION = YES;
				CLANG_WARN_INFINITE_RECURSION = YES;
				CLANG_WARN_INT_CONVERSION = YES;
				CLANG_WARN_NON_LITERAL_NULL_CONVERSION = YES;
				CLANG_WARN_OBJC_IMPLICIT_RETAIN_SELF = YES;
				CLANG_WARN_OBJC_LITERAL_CONVERSION = YES;
				CLANG_WARN_OBJC_ROOT_CLASS = YES_ERROR;
				CLANG_WARN_QUOTED_INCLUDE_IN_FRAMEWORK_HEADER = YES;
				CLANG_WARN_RANGE_LOOP_ANALYSIS = YES;
				CLANG_WARN_STRICT_PROTOTYPES = YES;
				CLANG_WARN_SUSPICIOUS_MOVE = YES;
				CLANG_WARN_UNGUARDED_AVAILABILITY = YES_AGGRESSIVE;
				CLANG_WARN_UNREACHABLE_CODE = YES;
				CLANG_WARN__DUPLICATE_METHOD_MATCH = YES;
				COPY_PHASE_STRIP = NO;
				DEBUG_INFORMATION_FORMAT = "dwarf-with-dsym";
				ENABLE_NS_ASSERTIONS = NO;
				ENABLE_STRICT_OBJC_MSGSEND = YES;
				GCC_C_LANGUAGE_STANDARD = gnu11;
				GCC_NO_COMMON_BLOCKS = YES;
				GCC_WARN_64_TO_32_BIT_CONVERSION = YES;
				GCC_WARN_ABOUT_RETURN_TYPE = YES_ERROR;
				GCC_WARN_UNDECLARED_SELECTOR = YES;
				GCC_WARN_UNINITIALIZED_AUTOS = YES_AGGRESSIVE;
				GCC_WARN_UNUSED_FUNCTION = YES;
				GCC_WARN_UNUSED_VARIABLE = YES;
				IPHONEOS_DEPLOYMENT_TARGET = 14.4;
				MTL_ENABLE_DEBUG_INFO = NO;
				MTL_FAST_MATH = YES;
				SDKROOT = iphoneos;
				SWIFT_COMPILATION_MODE = wholemodule;
				SWIFT_OPTIMIZATION_LEVEL = "-O";
				VALIDATE_PRODUCT = YES;
			};
			name = Release;
		};
		F470E59025C507BB0053A578 /* Debug */ = {
			isa = XCBuildConfiguration;
			baseConfigurationReference = 0D312C5CF977982D0582384D /* Pods-ZotMeal.debug.xcconfig */;
			buildSettings = {
				ASSETCATALOG_COMPILER_APPICON_NAME = AppIcon;
				ASSETCATALOG_COMPILER_GLOBAL_ACCENT_COLOR_NAME = AccentColor;
				CODE_SIGN_STYLE = Automatic;
				DEVELOPMENT_TEAM = WMFKF24VVS;
				INFOPLIST_FILE = ZotMeal/Info.plist;
				IPHONEOS_DEPLOYMENT_TARGET = 14.1;
				LD_RUNPATH_SEARCH_PATHS = (
					"$(inherited)",
					"@executable_path/Frameworks",
				);
				PRODUCT_BUNDLE_IDENTIFIER = com.shengyuanlu.ZotMeal;
				PRODUCT_NAME = "$(TARGET_NAME)";
				SWIFT_VERSION = 5.0;
				TARGETED_DEVICE_FAMILY = 1;
			};
			name = Debug;
		};
		F470E59125C507BB0053A578 /* Release */ = {
			isa = XCBuildConfiguration;
			baseConfigurationReference = 84E81EF753042E490F83DB10 /* Pods-ZotMeal.release.xcconfig */;
			buildSettings = {
				ASSETCATALOG_COMPILER_APPICON_NAME = AppIcon;
				ASSETCATALOG_COMPILER_GLOBAL_ACCENT_COLOR_NAME = AccentColor;
				CODE_SIGN_STYLE = Automatic;
				DEVELOPMENT_TEAM = WMFKF24VVS;
				INFOPLIST_FILE = ZotMeal/Info.plist;
				IPHONEOS_DEPLOYMENT_TARGET = 14.1;
				LD_RUNPATH_SEARCH_PATHS = (
					"$(inherited)",
					"@executable_path/Frameworks",
				);
				PRODUCT_BUNDLE_IDENTIFIER = com.shengyuanlu.ZotMeal;
				PRODUCT_NAME = "$(TARGET_NAME)";
				SWIFT_VERSION = 5.0;
				TARGETED_DEVICE_FAMILY = 1;
			};
			name = Release;
		};
/* End XCBuildConfiguration section */

/* Begin XCConfigurationList section */
		F470E57625C507B90053A578 /* Build configuration list for PBXProject "ZotMeal" */ = {
			isa = XCConfigurationList;
			buildConfigurations = (
				F470E58D25C507BB0053A578 /* Debug */,
				F470E58E25C507BB0053A578 /* Release */,
			);
			defaultConfigurationIsVisible = 0;
			defaultConfigurationName = Release;
		};
		F470E58F25C507BB0053A578 /* Build configuration list for PBXNativeTarget "ZotMeal" */ = {
			isa = XCConfigurationList;
			buildConfigurations = (
				F470E59025C507BB0053A578 /* Debug */,
				F470E59125C507BB0053A578 /* Release */,
			);
			defaultConfigurationIsVisible = 0;
			defaultConfigurationName = Release;
		};
/* End XCConfigurationList section */
	};
	rootObject = F470E57325C507B90053A578 /* Project object */;
}
